
Microsoft Visual Studio Solution File, Format Version 12.00
# Visual Studio Version 16
VisualStudioVersion = 16.0.35229.62
MinimumVisualStudioVersion = 10.0.40219.1
Project("{FAE04EC0-301F-11D3-BF4B-00C04F79EFBC}") = "CizimUygulaması", "CizimUygulaması\CizimUygulaması.csproj", "{18FDD503-A620-499C-AA53-A6B52BDECEB2}"
EndProject
Global
	GlobalSection(SolutionConfigurationPlatforms) = preSolution
		Debug|Any CPU = Debug|Any CPU
		Release|Any CPU = Release|Any CPU
	EndGlobalSection
	GlobalSection(ProjectConfigurationPlatforms) = postSolution
		{18FDD503-A620-499C-AA53-A6B52BDECEB2}.Debug|Any CPU.ActiveCfg = Debug|Any CPU
		{18FDD503-A620-499C-AA53-A6B52BDECEB2}.Debug|Any CPU.Build.0 = Debug|Any CPU
		{18FDD503-A620-499C-AA53-A6B52BDECEB2}.Release|Any CPU.ActiveCfg = Release|Any CPU
		{18FDD503-A620-499C-AA53-A6B52BDECEB2}.Release|Any CPU.Build.0 = Release|Any CPU
	EndGlobalSection
	GlobalSection(SolutionProperties) = preSolution
		HideSolutionNode = FALSE
	EndGlobalSection
	GlobalSection(ExtensibilityGlobals) = postSolution
		SolutionGuid = {05636255-B675-4E94-9503-9C11BE805B12}
	EndGlobalSection
EndGlobal
